
Microsoft Visual Studio Solution File, Format Version 12.00
# Visual Studio Version 16
VisualStudioVersion = 16.0.30804.86
MinimumVisualStudioVersion = 10.0.40219.1
Project("{FAE04EC0-301F-11D3-BF4B-00C04F79EFBC}") = "ShopCrud", "ShopCrud\ShopCrud.csproj", "{F75A2C93-7F03-49E9-AA8D-67F045000530}"
EndProject
Project("{FAE04EC0-301F-11D3-BF4B-00C04F79EFBC}") = "DAL.Abstractions", "DAL.Abstractions\DAL.Abstractions.csproj", "{546F1252-8EBE-4EDA-A25E-89094CA7AA20}"
EndProject
Project("{FAE04EC0-301F-11D3-BF4B-00C04F79EFBC}") = "DAL.Impl.Adonet", "DAL.Impl.Adonet\DAL.Impl.Adonet.csproj", "{52024143-669F-4674-AF6E-437C8BFD33E0}"
EndProject
Project("{FAE04EC0-301F-11D3-BF4B-00C04F79EFBC}") = "DAL.Models", "DAL.Models\DAL.Models.csproj", "{BFEF9918-28AB-4D0E-B553-877A38143ED4}"
EndProject
Global
	GlobalSection(SolutionConfigurationPlatforms) = preSolution
		Debug|Any CPU = Debug|Any CPU
		Release|Any CPU = Release|Any CPU
	EndGlobalSection
	GlobalSection(ProjectConfigurationPlatforms) = postSolution
		{F75A2C93-7F03-49E9-AA8D-67F045000530}.Debug|Any CPU.ActiveCfg = Debug|Any CPU
		{F75A2C93-7F03-49E9-AA8D-67F045000530}.Debug|Any CPU.Build.0 = Debug|Any CPU
		{F75A2C93-7F03-49E9-AA8D-67F045000530}.Release|Any CPU.ActiveCfg = Release|Any CPU
		{F75A2C93-7F03-49E9-AA8D-67F045000530}.Release|Any CPU.Build.0 = Release|Any CPU
		{546F1252-8EBE-4EDA-A25E-89094CA7AA20}.Debug|Any CPU.ActiveCfg = Debug|Any CPU
		{546F1252-8EBE-4EDA-A25E-89094CA7AA20}.Debug|Any CPU.Build.0 = Debug|Any CPU
		{546F1252-8EBE-4EDA-A25E-89094CA7AA20}.Release|Any CPU.ActiveCfg = Release|Any CPU
		{546F1252-8EBE-4EDA-A25E-89094CA7AA20}.Release|Any CPU.Build.0 = Release|Any CPU
		{52024143-669F-4674-AF6E-437C8BFD33E0}.Debug|Any CPU.ActiveCfg = Debug|Any CPU
		{52024143-669F-4674-AF6E-437C8BFD33E0}.Debug|Any CPU.Build.0 = Debug|Any CPU
		{52024143-669F-4674-AF6E-437C8BFD33E0}.Release|Any CPU.ActiveCfg = Release|Any CPU
		{52024143-669F-4674-AF6E-437C8BFD33E0}.Release|Any CPU.Build.0 = Release|Any CPU
		{BFEF9918-28AB-4D0E-B553-877A38143ED4}.Debug|Any CPU.ActiveCfg = Debug|Any CPU
		{BFEF9918-28AB-4D0E-B553-877A38143ED4}.Debug|Any CPU.Build.0 = Debug|Any CPU
		{BFEF9918-28AB-4D0E-B553-877A38143ED4}.Release|Any CPU.ActiveCfg = Release|Any CPU
		{BFEF9918-28AB-4D0E-B553-877A38143ED4}.Release|Any CPU.Build.0 = Release|Any CPU
	EndGlobalSection
	GlobalSection(SolutionProperties) = preSolution
		HideSolutionNode = FALSE
	EndGlobalSection
	GlobalSection(ExtensibilityGlobals) = postSolution
		SolutionGuid = {65060F43-2CD6-4CCC-814C-AFA4BB2E49D9}
	EndGlobalSection
EndGlobal
